// !$*UTF8*$!
{
	archiveVersion = 1;
	classes = {
	};
	objectVersion = 46;
	objects = {

/* Begin PBXBuildFile section */
		E0E8DE1019295A14009E1A8A /* Foundation.framework in Frameworks */ = {isa = PBXBuildFile; fileRef = E0E8DE0F19295A14009E1A8A /* Foundation.framework */; };
		E0E8DE1219295A14009E1A8A /* CoreGraphics.framework in Frameworks */ = {isa = PBXBuildFile; fileRef = E0E8DE1119295A14009E1A8A /* CoreGraphics.framework */; };
		E0E8DE1419295A14009E1A8A /* UIKit.framework in Frameworks */ = {isa = PBXBuildFile; fileRef = E0E8DE1319295A14009E1A8A /* UIKit.framework */; };
		E0E8DE1A19295A14009E1A8A /* InfoPlist.strings in Resources */ = {isa = PBXBuildFile; fileRef = E0E8DE1819295A14009E1A8A /* InfoPlist.strings */; };
		E0E8DE1C19295A14009E1A8A /* main.m in Sources */ = {isa = PBXBuildFile; fileRef = E0E8DE1B19295A14009E1A8A /* main.m */; };
		E0E8DE2019295A14009E1A8A /* ACAppDelegate.m in Sources */ = {isa = PBXBuildFile; fileRef = E0E8DE1F19295A14009E1A8A /* ACAppDelegate.m */; };
		E0E8DE2219295A14009E1A8A /* Images.xcassets in Resources */ = {isa = PBXBuildFile; fileRef = E0E8DE2119295A14009E1A8A /* Images.xcassets */; };
		E0E8DE2919295A14009E1A8A /* XCTest.framework in Frameworks */ = {isa = PBXBuildFile; fileRef = E0E8DE2819295A14009E1A8A /* XCTest.framework */; };
		E0E8DE2A19295A14009E1A8A /* Foundation.framework in Frameworks */ = {isa = PBXBuildFile; fileRef = E0E8DE0F19295A14009E1A8A /* Foundation.framework */; };
		E0E8DE2B19295A14009E1A8A /* UIKit.framework in Frameworks */ = {isa = PBXBuildFile; fileRef = E0E8DE1319295A14009E1A8A /* UIKit.framework */; };
		E0E8DE3319295A14009E1A8A /* InfoPlist.strings in Resources */ = {isa = PBXBuildFile; fileRef = E0E8DE3119295A14009E1A8A /* InfoPlist.strings */; };
		E0E8DE3519295A14009E1A8A /* ACBatchReaderExampleTests.m in Sources */ = {isa = PBXBuildFile; fileRef = E0E8DE3419295A14009E1A8A /* ACBatchReaderExampleTests.m */; };
		E0E8DE4519295A6A009E1A8A /* ACBatchReader.m in Sources */ = {isa = PBXBuildFile; fileRef = E0E8DE4419295A6A009E1A8A /* ACBatchReader.m */; };
		E0E8DE4919295AC6009E1A8A /* ACBatchReaderViewController.m in Sources */ = {isa = PBXBuildFile; fileRef = E0E8DE4719295AC5009E1A8A /* ACBatchReaderViewController.m */; };
		E0E8DE4A19295AC6009E1A8A /* ACBatchReaderViewController.xib in Resources */ = {isa = PBXBuildFile; fileRef = E0E8DE4819295AC5009E1A8A /* ACBatchReaderViewController.xib */; };
		E0E8DE4C19295FAB009E1A8A /* dummy-data.plist in Resources */ = {isa = PBXBuildFile; fileRef = E0E8DE4B19295FAB009E1A8A /* dummy-data.plist */; };
		E0E8DE4F1929613F009E1A8A /* ACDummyContainer.m in Sources */ = {isa = PBXBuildFile; fileRef = E0E8DE4E1929613F009E1A8A /* ACDummyContainer.m */; };
/* End PBXBuildFile section */

/* Begin PBXContainerItemProxy section */
		E0E8DE2C19295A14009E1A8A /* PBXContainerItemProxy */ = {
			isa = PBXContainerItemProxy;
			containerPortal = E0E8DE0419295A14009E1A8A /* Project object */;
			proxyType = 1;
			remoteGlobalIDString = E0E8DE0B19295A14009E1A8A;
			remoteInfo = ACBatchReaderExample;
		};
/* End PBXContainerItemProxy section */

/* Begin PBXFileReference section */
		E0E8DE0C19295A14009E1A8A /* ACBatchReaderExample.app */ = {isa = PBXFileReference; explicitFileType = wrapper.application; includeInIndex = 0; path = ACBatchReaderExample.app; sourceTree = BUILT_PRODUCTS_DIR; };
		E0E8DE0F19295A14009E1A8A /* Foundation.framework */ = {isa = PBXFileReference; lastKnownFileType = wrapper.framework; name = Foundation.framework; path = System/Library/Frameworks/Foundation.framework; sourceTree = SDKROOT; };
		E0E8DE1119295A14009E1A8A /* CoreGraphics.framework */ = {isa = PBXFileReference; lastKnownFileType = wrapper.framework; name = CoreGraphics.framework; path = System/Library/Frameworks/CoreGraphics.framework; sourceTree = SDKROOT; };
		E0E8DE1319295A14009E1A8A /* UIKit.framework */ = {isa = PBXFileReference; lastKnownFileType = wrapper.framework; name = UIKit.framework; path = System/Library/Frameworks/UIKit.framework; sourceTree = SDKROOT; };
		E0E8DE1719295A14009E1A8A /* ACBatchReaderExample-Info.plist */ = {isa = PBXFileReference; lastKnownFileType = text.plist.xml; path = "ACBatchReaderExample-Info.plist"; sourceTree = "<group>"; };
		E0E8DE1919295A14009E1A8A /* en */ = {isa = PBXFileReference; lastKnownFileType = text.plist.strings; name = en; path = en.lproj/InfoPlist.strings; sourceTree = "<group>"; };
		E0E8DE1B19295A14009E1A8A /* main.m */ = {isa = PBXFileReference; lastKnownFileType = sourcecode.c.objc; path = main.m; sourceTree = "<group>"; };
		E0E8DE1D19295A14009E1A8A /* ACBatchReaderExample-Prefix.pch */ = {isa = PBXFileReference; lastKnownFileType = sourcecode.c.h; path = "ACBatchReaderExample-Prefix.pch"; sourceTree = "<group>"; };
		E0E8DE1E19295A14009E1A8A /* ACAppDelegate.h */ = {isa = PBXFileReference; lastKnownFileType = sourcecode.c.h; path = ACAppDelegate.h; sourceTree = "<group>"; };
		E0E8DE1F19295A14009E1A8A /* ACAppDelegate.m */ = {isa = PBXFileReference; lastKnownFileType = sourcecode.c.objc; path = ACAppDelegate.m; sourceTree = "<group>"; };
		E0E8DE2119295A14009E1A8A /* Images.xcassets */ = {isa = PBXFileReference; lastKnownFileType = folder.assetcatalog; path = Images.xcassets; sourceTree = "<group>"; };
		E0E8DE2719295A14009E1A8A /* ACBatchReaderExampleTests.xctest */ = {isa = PBXFileReference; explicitFileType = wrapper.cfbundle; includeInIndex = 0; path = ACBatchReaderExampleTests.xctest; sourceTree = BUILT_PRODUCTS_DIR; };
		E0E8DE2819295A14009E1A8A /* XCTest.framework */ = {isa = PBXFileReference; lastKnownFileType = wrapper.framework; name = XCTest.framework; path = Library/Frameworks/XCTest.framework; sourceTree = DEVELOPER_DIR; };
		E0E8DE3019295A14009E1A8A /* ACBatchReaderExampleTests-Info.plist */ = {isa = PBXFileReference; lastKnownFileType = text.plist.xml; path = "ACBatchReaderExampleTests-Info.plist"; sourceTree = "<group>"; };
		E0E8DE3219295A14009E1A8A /* en */ = {isa = PBXFileReference; lastKnownFileType = text.plist.strings; name = en; path = en.lproj/InfoPlist.strings; sourceTree = "<group>"; };
		E0E8DE3419295A14009E1A8A /* ACBatchReaderExampleTests.m */ = {isa = PBXFileReference; lastKnownFileType = sourcecode.c.objc; path = ACBatchReaderExampleTests.m; sourceTree = "<group>"; };
		E0E8DE4319295A6A009E1A8A /* ACBatchReader.h */ = {isa = PBXFileReference; fileEncoding = 4; lastKnownFileType = sourcecode.c.h; path = ACBatchReader.h; sourceTree = "<group>"; };
		E0E8DE4419295A6A009E1A8A /* ACBatchReader.m */ = {isa = PBXFileReference; fileEncoding = 4; lastKnownFileType = sourcecode.c.objc; path = ACBatchReader.m; sourceTree = "<group>"; };
		E0E8DE4619295AC5009E1A8A /* ACBatchReaderViewController.h */ = {isa = PBXFileReference; fileEncoding = 4; lastKnownFileType = sourcecode.c.h; path = ACBatchReaderViewController.h; sourceTree = "<group>"; };
		E0E8DE4719295AC5009E1A8A /* ACBatchReaderViewController.m */ = {isa = PBXFileReference; fileEncoding = 4; lastKnownFileType = sourcecode.c.objc; path = ACBatchReaderViewController.m; sourceTree = "<group>"; };
		E0E8DE4819295AC5009E1A8A /* ACBatchReaderViewController.xib */ = {isa = PBXFileReference; fileEncoding = 4; lastKnownFileType = file.xib; path = ACBatchReaderViewController.xib; sourceTree = "<group>"; };
		E0E8DE4B19295FAB009E1A8A /* dummy-data.plist */ = {isa = PBXFileReference; fileEncoding = 4; lastKnownFileType = text.plist.xml; path = "dummy-data.plist"; sourceTree = "<group>"; };
		E0E8DE4D1929613F009E1A8A /* ACDummyContainer.h */ = {isa = PBXFileReference; fileEncoding = 4; lastKnownFileType = sourcecode.c.h; path = ACDummyContainer.h; sourceTree = "<group>"; };
		E0E8DE4E1929613F009E1A8A /* ACDummyContainer.m */ = {isa = PBXFileReference; fileEncoding = 4; lastKnownFileType = sourcecode.c.objc; path = ACDummyContainer.m; sourceTree = "<group>"; };
/* End PBXFileReference section */

/* Begin PBXFrameworksBuildPhase section */
		E0E8DE0919295A14009E1A8A /* Frameworks */ = {
			isa = PBXFrameworksBuildPhase;
			buildActionMask = 2147483647;
			files = (
				E0E8DE1219295A14009E1A8A /* CoreGraphics.framework in Frameworks */,
				E0E8DE1419295A14009E1A8A /* UIKit.framework in Frameworks */,
				E0E8DE1019295A14009E1A8A /* Foundation.framework in Frameworks */,
			);
			runOnlyForDeploymentPostprocessing = 0;
		};
		E0E8DE2419295A14009E1A8A /* Frameworks */ = {
			isa = PBXFrameworksBuildPhase;
			buildActionMask = 2147483647;
			files = (
				E0E8DE2919295A14009E1A8A /* XCTest.framework in Frameworks */,
				E0E8DE2B19295A14009E1A8A /* UIKit.framework in Frameworks */,
				E0E8DE2A19295A14009E1A8A /* Foundation.framework in Frameworks */,
			);
			runOnlyForDeploymentPostprocessing = 0;
		};
/* End PBXFrameworksBuildPhase section */

/* Begin PBXGroup section */
		E0E8DE0319295A14009E1A8A = {
			isa = PBXGroup;
			children = (
				E0E8DE4B19295FAB009E1A8A /* dummy-data.plist */,
				E0E8DE4219295A6A009E1A8A /* ACBatchReader */,
				E0E8DE1519295A14009E1A8A /* ACBatchReaderExample */,
				E0E8DE2E19295A14009E1A8A /* ACBatchReaderExampleTests */,
				E0E8DE0E19295A14009E1A8A /* Frameworks */,
				E0E8DE0D19295A14009E1A8A /* Products */,
			);
			sourceTree = "<group>";
		};
		E0E8DE0D19295A14009E1A8A /* Products */ = {
			isa = PBXGroup;
			children = (
				E0E8DE0C19295A14009E1A8A /* ACBatchReaderExample.app */,
				E0E8DE2719295A14009E1A8A /* ACBatchReaderExampleTests.xctest */,
			);
			name = Products;
			sourceTree = "<group>";
		};
		E0E8DE0E19295A14009E1A8A /* Frameworks */ = {
			isa = PBXGroup;
			children = (
				E0E8DE0F19295A14009E1A8A /* Foundation.framework */,
				E0E8DE1119295A14009E1A8A /* CoreGraphics.framework */,
				E0E8DE1319295A14009E1A8A /* UIKit.framework */,
				E0E8DE2819295A14009E1A8A /* XCTest.framework */,
			);
			name = Frameworks;
			sourceTree = "<group>";
		};
		E0E8DE1519295A14009E1A8A /* ACBatchReaderExample */ = {
			isa = PBXGroup;
			children = (
				E0E8DE1E19295A14009E1A8A /* ACAppDelegate.h */,
				E0E8DE1F19295A14009E1A8A /* ACAppDelegate.m */,
				E0E8DE2119295A14009E1A8A /* Images.xcassets */,
				E0E8DE1619295A14009E1A8A /* Supporting Files */,
				E0E8DE4619295AC5009E1A8A /* ACBatchReaderViewController.h */,
				E0E8DE4719295AC5009E1A8A /* ACBatchReaderViewController.m */,
				E0E8DE4819295AC5009E1A8A /* ACBatchReaderViewController.xib */,
				E0E8DE4D1929613F009E1A8A /* ACDummyContainer.h */,
				E0E8DE4E1929613F009E1A8A /* ACDummyContainer.m */,
			);
			path = ACBatchReaderExample;
			sourceTree = "<group>";
		};
		E0E8DE1619295A14009E1A8A /* Supporting Files */ = {
			isa = PBXGroup;
			children = (
				E0E8DE1719295A14009E1A8A /* ACBatchReaderExample-Info.plist */,
				E0E8DE1819295A14009E1A8A /* InfoPlist.strings */,
				E0E8DE1B19295A14009E1A8A /* main.m */,
				E0E8DE1D19295A14009E1A8A /* ACBatchReaderExample-Prefix.pch */,
			);
			name = "Supporting Files";
			sourceTree = "<group>";
		};
		E0E8DE2E19295A14009E1A8A /* ACBatchReaderExampleTests */ = {
			isa = PBXGroup;
			children = (
				E0E8DE3419295A14009E1A8A /* ACBatchReaderExampleTests.m */,
				E0E8DE2F19295A14009E1A8A /* Supporting Files */,
			);
			path = ACBatchReaderExampleTests;
			sourceTree = "<group>";
		};
		E0E8DE2F19295A14009E1A8A /* Supporting Files */ = {
			isa = PBXGroup;
			children = (
				E0E8DE3019295A14009E1A8A /* ACBatchReaderExampleTests-Info.plist */,
				E0E8DE3119295A14009E1A8A /* InfoPlist.strings */,
			);
			name = "Supporting Files";
			sourceTree = "<group>";
		};
		E0E8DE4219295A6A009E1A8A /* ACBatchReader */ = {
			isa = PBXGroup;
			children = (
				E0E8DE4319295A6A009E1A8A /* ACBatchReader.h */,
				E0E8DE4419295A6A009E1A8A /* ACBatchReader.m */,
			);
			name = ACBatchReader;
			path = ../ACBatchReader;
			sourceTree = "<group>";
		};
/* End PBXGroup section */

/* Begin PBXNativeTarget section */
		E0E8DE0B19295A14009E1A8A /* ACBatchReaderExample */ = {
			isa = PBXNativeTarget;
			buildConfigurationList = E0E8DE3819295A14009E1A8A /* Build configuration list for PBXNativeTarget "ACBatchReaderExample" */;
			buildPhases = (
				E0E8DE0819295A14009E1A8A /* Sources */,
				E0E8DE0919295A14009E1A8A /* Frameworks */,
				E0E8DE0A19295A14009E1A8A /* Resources */,
			);
			buildRules = (
			);
			dependencies = (
			);
			name = ACBatchReaderExample;
			productName = ACBatchReaderExample;
			productReference = E0E8DE0C19295A14009E1A8A /* ACBatchReaderExample.app */;
			productType = "com.apple.product-type.application";
		};
		E0E8DE2619295A14009E1A8A /* ACBatchReaderExampleTests */ = {
			isa = PBXNativeTarget;
			buildConfigurationList = E0E8DE3B19295A14009E1A8A /* Build configuration list for PBXNativeTarget "ACBatchReaderExampleTests" */;
			buildPhases = (
				E0E8DE2319295A14009E1A8A /* Sources */,
				E0E8DE2419295A14009E1A8A /* Frameworks */,
				E0E8DE2519295A14009E1A8A /* Resources */,
			);
			buildRules = (
			);
			dependencies = (
				E0E8DE2D19295A14009E1A8A /* PBXTargetDependency */,
			);
			name = ACBatchReaderExampleTests;
			productName = ACBatchReaderExampleTests;
			productReference = E0E8DE2719295A14009E1A8A /* ACBatchReaderExampleTests.xctest */;
			productType = "com.apple.product-type.bundle.unit-test";
		};
/* End PBXNativeTarget section */

/* Begin PBXProject section */
		E0E8DE0419295A14009E1A8A /* Project object */ = {
			isa = PBXProject;
			attributes = {
				CLASSPREFIX = AC;
				LastUpgradeCheck = 0510;
				ORGANIZATIONNAME = "Andres Canal";
				TargetAttributes = {
					E0E8DE2619295A14009E1A8A = {
						TestTargetID = E0E8DE0B19295A14009E1A8A;
					};
				};
			};
			buildConfigurationList = E0E8DE0719295A14009E1A8A /* Build configuration list for PBXProject "ACBatchReaderExample" */;
			compatibilityVersion = "Xcode 3.2";
			developmentRegion = English;
			hasScannedForEncodings = 0;
			knownRegions = (
				en,
			);
			mainGroup = E0E8DE0319295A14009E1A8A;
			productRefGroup = E0E8DE0D19295A14009E1A8A /* Products */;
			projectDirPath = "";
			projectRoot = "";
			targets = (
				E0E8DE0B19295A14009E1A8A /* ACBatchReaderExample */,
				E0E8DE2619295A14009E1A8A /* ACBatchReaderExampleTests */,
			);
		};
/* End PBXProject section */

/* Begin PBXResourcesBuildPhase section */
		E0E8DE0A19295A14009E1A8A /* Resources */ = {
			isa = PBXResourcesBuildPhase;
			buildActionMask = 2147483647;
			files = (
				E0E8DE4C19295FAB009E1A8A /* dummy-data.plist in Resources */,
				E0E8DE4A19295AC6009E1A8A /* ACBatchReaderViewController.xib in Resources */,
				E0E8DE1A19295A14009E1A8A /* InfoPlist.strings in Resources */,
				E0E8DE2219295A14009E1A8A /* Images.xcassets in Resources */,
			);
			runOnlyForDeploymentPostprocessing = 0;
		};
		E0E8DE2519295A14009E1A8A /* Resources */ = {
			isa = PBXResourcesBuildPhase;
			buildActionMask = 2147483647;
			files = (
				E0E8DE3319295A14009E1A8A /* InfoPlist.strings in Resources */,
			);
			runOnlyForDeploymentPostprocessing = 0;
		};
/* End PBXResourcesBuildPhase section */

/* Begin PBXSourcesBuildPhase section */
		E0E8DE0819295A14009E1A8A /* Sources */ = {
			isa = PBXSourcesBuildPhase;
			buildActionMask = 2147483647;
			files = (
				E0E8DE4919295AC6009E1A8A /* ACBatchReaderViewController.m in Sources */,
				E0E8DE2019295A14009E1A8A /* ACAppDelegate.m in Sources */,
				E0E8DE4F1929613F009E1A8A /* ACDummyContainer.m in Sources */,
				E0E8DE4519295A6A009E1A8A /* ACBatchReader.m in Sources */,
				E0E8DE1C19295A14009E1A8A /* main.m in Sources */,
			);
			runOnlyForDeploymentPostprocessing = 0;
		};
		E0E8DE2319295A14009E1A8A /* Sources */ = {
			isa = PBXSourcesBuildPhase;
			buildActionMask = 2147483647;
			files = (
				E0E8DE3519295A14009E1A8A /* ACBatchReaderExampleTests.m in Sources */,
			);
			runOnlyForDeploymentPostprocessing = 0;
		};
/* End PBXSourcesBuildPhase section */

/* Begin PBXTargetDependency section */
		E0E8DE2D19295A14009E1A8A /* PBXTargetDependency */ = {
			isa = PBXTargetDependency;
			target = E0E8DE0B19295A14009E1A8A /* ACBatchReaderExample */;
			targetProxy = E0E8DE2C19295A14009E1A8A /* PBXContainerItemProxy */;
		};
/* End PBXTargetDependency section */

/* Begin PBXVariantGroup section */
		E0E8DE1819295A14009E1A8A /* InfoPlist.strings */ = {
			isa = PBXVariantGroup;
			children = (
				E0E8DE1919295A14009E1A8A /* en */,
			);
			name = InfoPlist.strings;
			sourceTree = "<group>";
		};
		E0E8DE3119295A14009E1A8A /* InfoPlist.strings */ = {
			isa = PBXVariantGroup;
			children = (
				E0E8DE3219295A14009E1A8A /* en */,
			);
			name = InfoPlist.strings;
			sourceTree = "<group>";
		};
/* End PBXVariantGroup section */

/* Begin XCBuildConfiguration section */
		E0E8DE3619295A14009E1A8A /* Debug */ = {
			isa = XCBuildConfiguration;
			buildSettings = {
				ALWAYS_SEARCH_USER_PATHS = NO;
				CLANG_CXX_LANGUAGE_STANDARD = "gnu++0x";
				CLANG_CXX_LIBRARY = "libc++";
				CLANG_ENABLE_MODULES = YES;
				CLANG_ENABLE_OBJC_ARC = YES;
				CLANG_WARN_BOOL_CONVERSION = YES;
				CLANG_WARN_CONSTANT_CONVERSION = YES;
				CLANG_WARN_DIRECT_OBJC_ISA_USAGE = YES_ERROR;
				CLANG_WARN_EMPTY_BODY = YES;
				CLANG_WARN_ENUM_CONVERSION = YES;
				CLANG_WARN_INT_CONVERSION = YES;
				CLANG_WARN_OBJC_ROOT_CLASS = YES_ERROR;
				CLANG_WARN__DUPLICATE_METHOD_MATCH = YES;
				"CODE_SIGN_IDENTITY[sdk=iphoneos*]" = "iPhone Developer";
				COPY_PHASE_STRIP = NO;
				GCC_C_LANGUAGE_STANDARD = gnu99;
				GCC_DYNAMIC_NO_PIC = NO;
				GCC_OPTIMIZATION_LEVEL = 0;
				GCC_PREPROCESSOR_DEFINITIONS = (
					"DEBUG=1",
					"$(inherited)",
				);
				GCC_SYMBOLS_PRIVATE_EXTERN = NO;
				GCC_WARN_64_TO_32_BIT_CONVERSION = YES;
				GCC_WARN_ABOUT_RETURN_TYPE = YES_ERROR;
				GCC_WARN_UNDECLARED_SELECTOR = YES;
				GCC_WARN_UNINITIALIZED_AUTOS = YES_AGGRESSIVE;
				GCC_WARN_UNUSED_FUNCTION = YES;
				GCC_WARN_UNUSED_VARIABLE = YES;
				IPHONEOS_DEPLOYMENT_TARGET = 7.1;
				ONLY_ACTIVE_ARCH = YES;
				SDKROOT = iphoneos;
			};
			name = Debug;
		};
		E0E8DE3719295A14009E1A8A /* Release */ = {
			isa = XCBuildConfiguration;
			buildSettings = {
				ALWAYS_SEARCH_USER_PATHS = NO;
				CLANG_CXX_LANGUAGE_STANDARD = "gnu++0x";
				CLANG_CXX_LIBRARY = "libc++";
				CLANG_ENABLE_MODULES = YES;
				CLANG_ENABLE_OBJC_ARC = YES;
				CLANG_WARN_BOOL_CONVERSION = YES;
				CLANG_WARN_CONSTANT_CONVERSION = YES;
				CLANG_WARN_DIRECT_OBJC_ISA_USAGE = YES_ERROR;
				CLANG_WARN_EMPTY_BODY = YES;
				CLANG_WARN_ENUM_CONVERSION = YES;
				CLANG_WARN_INT_CONVERSION = YES;
				CLANG_WARN_OBJC_ROOT_CLASS = YES_ERROR;
				CLANG_WARN__DUPLICATE_METHOD_MATCH = YES;
				"CODE_SIGN_IDENTITY[sdk=iphoneos*]" = "iPhone Developer";
				COPY_PHASE_STRIP = YES;
				ENABLE_NS_ASSERTIONS = NO;
				GCC_C_LANGUAGE_STANDARD = gnu99;
				GCC_WARN_64_TO_32_BIT_CONVERSION = YES;
				GCC_WARN_ABOUT_RETURN_TYPE = YES_ERROR;
				GCC_WARN_UNDECLARED_SELECTOR = YES;
				GCC_WARN_UNINITIALIZED_AUTOS = YES_AGGRESSIVE;
				GCC_WARN_UNUSED_FUNCTION = YES;
				GCC_WARN_UNUSED_VARIABLE = YES;
				IPHONEOS_DEPLOYMENT_TARGET = 7.1;
				SDKROOT = iphoneos;
				VALIDATE_PRODUCT = YES;
			};
			name = Release;
		};
		E0E8DE3919295A14009E1A8A /* Debug */ = {
			isa = XCBuildConfiguration;
			buildSettings = {
				ASSETCATALOG_COMPILER_APPICON_NAME = AppIcon;
				ASSETCATALOG_COMPILER_LAUNCHIMAGE_NAME = LaunchImage;
				GCC_PRECOMPILE_PREFIX_HEADER = YES;
				GCC_PREFIX_HEADER = "ACBatchReaderExample/ACBatchReaderExample-Prefix.pch";
				INFOPLIST_FILE = "ACBatchReaderExample/ACBatchReaderExample-Info.plist";
				PRODUCT_NAME = "$(TARGET_NAME)";
				WRAPPER_EXTENSION = app;
			};
			name = Debug;
		};
		E0E8DE3A19295A14009E1A8A /* Release */ = {
			isa = XCBuildConfiguration;
			buildSettings = {
				ASSETCATALOG_COMPILER_APPICON_NAME = AppIcon;
				ASSETCATALOG_COMPILER_LAUNCHIMAGE_NAME = LaunchImage;
				GCC_PRECOMPILE_PREFIX_HEADER = YES;
				GCC_PREFIX_HEADER = "ACBatchReaderExample/ACBatchReaderExample-Prefix.pch";
				INFOPLIST_FILE = "ACBatchReaderExample/ACBatchReaderExample-Info.plist";
				PRODUCT_NAME = "$(TARGET_NAME)";
				WRAPPER_EXTENSION = app;
			};
			name = Release;
		};
		E0E8DE3C19295A14009E1A8A /* Debug */ = {
			isa = XCBuildConfiguration;
			buildSettings = {
				BUNDLE_LOADER = "$(BUILT_PRODUCTS_DIR)/ACBatchReaderExample.app/ACBatchReaderExample";
				FRAMEWORK_SEARCH_PATHS = (
					"$(SDKROOT)/Developer/Library/Frameworks",
					"$(inherited)",
					"$(DEVELOPER_FRAMEWORKS_DIR)",
				);
				GCC_PRECOMPILE_PREFIX_HEADER = YES;
				GCC_PREFIX_HEADER = "ACBatchReaderExample/ACBatchReaderExample-Prefix.pch";
				GCC_PREPROCESSOR_DEFINITIONS = (
					"DEBUG=1",
					"$(inherited)",
				);
				INFOPLIST_FILE = "ACBatchReaderExampleTests/ACBatchReaderExampleTests-Info.plist";
				PRODUCT_NAME = "$(TARGET_NAME)";
				TEST_HOST = "$(BUNDLE_LOADER)";
				WRAPPER_EXTENSION = xctest;
			};
			name = Debug;
		};
		E0E8DE3D19295A14009E1A8A /* Release */ = {
			isa = XCBuildConfiguration;
			buildSettings = {
				BUNDLE_LOADER = "$(BUILT_PRODUCTS_DIR)/ACBatchReaderExample.app/ACBatchReaderExample";
				FRAMEWORK_SEARCH_PATHS = (
					"$(SDKROOT)/Developer/Library/Frameworks",
					"$(inherited)",
					"$(DEVELOPER_FRAMEWORKS_DIR)",
				);
				GCC_PRECOMPILE_PREFIX_HEADER = YES;
				GCC_PREFIX_HEADER = "ACBatchReaderExample/ACBatchReaderExample-Prefix.pch";
				INFOPLIST_FILE = "ACBatchReaderExampleTests/ACBatchReaderExampleTests-Info.plist";
				PRODUCT_NAME = "$(TARGET_NAME)";
				TEST_HOST = "$(BUNDLE_LOADER)";
				WRAPPER_EXTENSION = xctest;
			};
			name = Release;
		};
/* End XCBuildConfiguration section */

/* Begin XCConfigurationList section */
		E0E8DE0719295A14009E1A8A /* Build configuration list for PBXProject "ACBatchReaderExample" */ = {
			isa = XCConfigurationList;
			buildConfigurations = (
				E0E8DE3619295A14009E1A8A /* Debug */,
				E0E8DE3719295A14009E1A8A /* Release */,
			);
			defaultConfigurationIsVisible = 0;
			defaultConfigurationName = Release;
		};
		E0E8DE3819295A14009E1A8A /* Build configuration list for PBXNativeTarget "ACBatchReaderExample" */ = {
			isa = XCConfigurationList;
			buildConfigurations = (
				E0E8DE3919295A14009E1A8A /* Debug */,
				E0E8DE3A19295A14009E1A8A /* Release */,
			);
			defaultConfigurationIsVisible = 0;
		};
		E0E8DE3B19295A14009E1A8A /* Build configuration list for PBXNativeTarget "ACBatchReaderExampleTests" */ = {
			isa = XCConfigurationList;
			buildConfigurations = (
				E0E8DE3C19295A14009E1A8A /* Debug */,
				E0E8DE3D19295A14009E1A8A /* Release */,
			);
			defaultConfigurationIsVisible = 0;
		};
/* End XCConfigurationList section */
	};
	rootObject = E0E8DE0419295A14009E1A8A /* Project object */;
}
